{
  "name": "react-webcomponentify",
  "version": "1.0.1",
  "lockfileVersion": 1,
  "requires": true,
  "dependencies": {
    "child-replace-with-polyfill": {
      "version": "1.0.1",
      "resolved": "https://registry.npmjs.org/child-replace-with-polyfill/-/child-replace-with-polyfill-1.0.1.tgz",
      "integrity": "sha512-BlTZAW4YN/rb5H/LkQC9h8i/PaylFkbTPs5z0xx/j3aje/2iQqfykfYMZY9O6herPhu3DB1fG6SmJa6LtolcnQ=="
    }
  }
}
